{
  "name": "mthb-canvas-table",
  "version": "0.0.42",
  "lockfileVersion": 1,
  "requires": true,
  "dependencies": {
    "@types/jasmine": {
      "version": "3.5.10",
      "resolved": "https://registry.npmjs.org/@types/jasmine/-/jasmine-3.5.10.tgz",
      "integrity": "sha512-3F8qpwBAiVc5+HPJeXJpbrl+XjawGmciN5LgiO7Gv1pl1RHtjoMNqZpqEksaPJW05ViKe8snYInRs6xB25Xdew=="
    },
    "typescript": {
      "version": "3.7.4",
      "resolved": "https://registry.npmjs.org/typescript/-/typescript-3.7.4.tgz",
      "integrity": "sha512-A25xv5XCtarLwXpcDNZzCGvW2D1S3/bACratYBx2sax8PefsFhlYmkQicKHvpYflFS8if4zne5zT5kpJ7pzuvw==",
      "dev": true
    }
  }
}
