{
  "name": "mthb-canvas-table",
  "version": "0.0.1",
  "lockfileVersion": 1,
  "requires": true,
  "dependencies": {
    "mthb-canvas-table-touch-event": {
      "version": "0.0.1",
      "resolved": "https://registry.npmjs.org/mthb-canvas-table-touch-event/-/mthb-canvas-table-touch-event-0.0.1.tgz",
      "integrity": "sha512-C4rk1+XbBma4+G0VTjTFiRML3UZEGs44WHGCqnpabAtjL0TXiiDDgG5mSHikh0VsV1L2BPZ4BlTKEogM4z/V5g=="
    },
    "mthb-circular-buffer": {
      "version": "0.0.45",
      "resolved": "https://registry.npmjs.org/mthb-circular-buffer/-/mthb-circular-buffer-0.0.45.tgz",
      "integrity": "sha512-ZDquR6Ln9suQwkkGsi3BoZU4bmzeX6S4Dl02r8FDN/R9KaglVAKtWpCSysW2DH+wkdpDkVfLGqF16wjXi/cMsw=="
    },
    "mthb-custom-canvas-table": {
      "version": "0.0.4",
      "resolved": "https://registry.npmjs.org/mthb-custom-canvas-table/-/mthb-custom-canvas-table-0.0.4.tgz",
      "integrity": "sha512-KnLnfZEWglzAqXqOEFHPnSkg+uU9fpnwaDNvbcEy1IDn4jukJvH7YndgJFzdaGvK8VahMVbfHTNGc6l5dH8iQw==",
      "requires": {
        "mthb-canvas-table-touch-event": "0.0.1",
        "mthb-circular-buffer": "0.0.45"
      }
    },
    "typescript": {
      "version": "3.6.4",
      "resolved": "https://registry.npmjs.org/typescript/-/typescript-3.6.4.tgz",
      "integrity": "sha512-unoCll1+l+YK4i4F8f22TaNVPRHcD9PA3yCuZ8g5e0qGqlVlJ/8FSateOLLSagn+Yg5+ZwuPkL8LFUc0Jcvksg==",
      "dev": true
    }
  }
}
